
Microsoft Visual Studio Solution File, Format Version 12.00
# Visual Studio Version 16
VisualStudioVersion = 16.0.30907.101
MinimumVisualStudioVersion = 10.0.40219.1
Project("{FAE04EC0-301F-11D3-BF4B-00C04F79EFBC}") = "ConsoleApp1", "ConsoleApp1\ConsoleApp1.csproj", "{142D088B-A85B-4E92-8350-34887F1E0256}"
EndProject
Global
	GlobalSection(SolutionConfigurationPlatforms) = preSolution
		Debug|Any CPU = Debug|Any CPU
		Release|Any CPU = Release|Any CPU
	EndGlobalSection
	GlobalSection(ProjectConfigurationPlatforms) = postSolution
		{142D088B-A85B-4E92-8350-34887F1E0256}.Debug|Any CPU.ActiveCfg = Debug|Any CPU
		{142D088B-A85B-4E92-8350-34887F1E0256}.Debug|Any CPU.Build.0 = Debug|Any CPU
		{142D088B-A85B-4E92-8350-34887F1E0256}.Release|Any CPU.ActiveCfg = Release|Any CPU
		{142D088B-A85B-4E92-8350-34887F1E0256}.Release|Any CPU.Build.0 = Release|Any CPU
	EndGlobalSection
	GlobalSection(SolutionProperties) = preSolution
		HideSolutionNode = FALSE
	EndGlobalSection
	GlobalSection(ExtensibilityGlobals) = postSolution
		SolutionGuid = {6C669543-E7D9-4657-9AA3-ABD7715F91A8}
	EndGlobalSection
EndGlobal
